
Microsoft Visual Studio Solution File, Format Version 12.00
# Visual Studio Version 16
VisualStudioVersion = 16.0.808.7
MinimumVisualStudioVersion = 10.0.40219.1
Project("{FAE04EC0-301F-11D3-BF4B-00C04F79EFBC}") = "Crash", "Crash\Crash.csproj", "{484DF0AD-40C2-4A3F-9917-433DA38E9E56}"
EndProject
Project("{FAE04EC0-301F-11D3-BF4B-00C04F79EFBC}") = "AgconnectCore", "..\..\Common\agc-1.3.0.300\ios\source\AgconnectCore\AgconnectCore.csproj", "{04C050FB-BA14-411B-957D-C21CDD757CC8}"
EndProject
Global
	GlobalSection(SolutionConfigurationPlatforms) = preSolution
		Debug|Any CPU = Debug|Any CPU
		Release|Any CPU = Release|Any CPU
	EndGlobalSection
	GlobalSection(ProjectConfigurationPlatforms) = postSolution
		{484DF0AD-40C2-4A3F-9917-433DA38E9E56}.Debug|Any CPU.ActiveCfg = Debug|Any CPU
		{484DF0AD-40C2-4A3F-9917-433DA38E9E56}.Debug|Any CPU.Build.0 = Debug|Any CPU
		{484DF0AD-40C2-4A3F-9917-433DA38E9E56}.Release|Any CPU.ActiveCfg = Release|Any CPU
		{484DF0AD-40C2-4A3F-9917-433DA38E9E56}.Release|Any CPU.Build.0 = Release|Any CPU
		{04C050FB-BA14-411B-957D-C21CDD757CC8}.Debug|Any CPU.ActiveCfg = Debug|Any CPU
		{04C050FB-BA14-411B-957D-C21CDD757CC8}.Debug|Any CPU.Build.0 = Debug|Any CPU
		{04C050FB-BA14-411B-957D-C21CDD757CC8}.Release|Any CPU.ActiveCfg = Release|Any CPU
		{04C050FB-BA14-411B-957D-C21CDD757CC8}.Release|Any CPU.Build.0 = Release|Any CPU
	EndGlobalSection
	GlobalSection(SolutionProperties) = preSolution
		HideSolutionNode = FALSE
	EndGlobalSection
	GlobalSection(ExtensibilityGlobals) = postSolution
		SolutionGuid = {FC7C2F58-B18A-4810-966E-6F970CC9D4AB}
	EndGlobalSection
EndGlobal
