Microsoft Visual Studio Solution File, Format Version 12.00
# Visual Studio Version 16
VisualStudioVersion = 16.0.30907.101
MinimumVisualStudioVersion = 10.0.40219.1
Project("{FAE04EC0-301F-11D3-BF4B-00C04F79EFBC}") = "AgconnectCore", "AgconnectCore\AgconnectCore.csproj", "{04C050FB-BA14-411B-957D-C21CDD757CC8}"
EndProject
Global
	GlobalSection(SolutionConfigurationPlatforms) = preSolution
		Debug|Any CPU = Debug|Any CPU
		Debug|iPhone = Debug|iPhone
		Debug|iPhoneSimulator = Debug|iPhoneSimulator
		Release|Any CPU = Release|Any CPU
		Release|iPhone = Release|iPhone
		Release|iPhoneSimulator = Release|iPhoneSimulator
	EndGlobalSection
	GlobalSection(ProjectConfigurationPlatforms) = postSolution
		{04C050FB-BA14-411B-957D-C21CDD757CC8}.Debug|Any CPU.ActiveCfg = Debug|Any CPU
		{04C050FB-BA14-411B-957D-C21CDD757CC8}.Debug|Any CPU.Build.0 = Debug|Any CPU
		{04C050FB-BA14-411B-957D-C21CDD757CC8}.Debug|iPhone.ActiveCfg = Debug|Any CPU
		{04C050FB-BA14-411B-957D-C21CDD757CC8}.Debug|iPhone.Build.0 = Debug|Any CPU
		{04C050FB-BA14-411B-957D-C21CDD757CC8}.Debug|iPhoneSimulator.ActiveCfg = Debug|Any CPU
		{04C050FB-BA14-411B-957D-C21CDD757CC8}.Debug|iPhoneSimulator.Build.0 = Debug|Any CPU
		{04C050FB-BA14-411B-957D-C21CDD757CC8}.Release|Any CPU.ActiveCfg = Release|Any CPU
		{04C050FB-BA14-411B-957D-C21CDD757CC8}.Release|Any CPU.Build.0 = Release|Any CPU
		{04C050FB-BA14-411B-957D-C21CDD757CC8}.Release|iPhone.ActiveCfg = Release|Any CPU
		{04C050FB-BA14-411B-957D-C21CDD757CC8}.Release|iPhone.Build.0 = Release|Any CPU
		{04C050FB-BA14-411B-957D-C21CDD757CC8}.Release|iPhoneSimulator.ActiveCfg = Release|Any CPU
		{04C050FB-BA14-411B-957D-C21CDD757CC8}.Release|iPhoneSimulator.Build.0 = Release|Any CPU
		{94EEC54C-9018-43A7-AA23-4E51D7F53FF9}.Debug|Any CPU.ActiveCfg = Debug|Any CPU
		{94EEC54C-9018-43A7-AA23-4E51D7F53FF9}.Debug|Any CPU.Build.0 = Debug|Any CPU
		{94EEC54C-9018-43A7-AA23-4E51D7F53FF9}.Debug|iPhone.ActiveCfg = Debug|Any CPU
		{94EEC54C-9018-43A7-AA23-4E51D7F53FF9}.Debug|iPhone.Build.0 = Debug|Any CPU
		{94EEC54C-9018-43A7-AA23-4E51D7F53FF9}.Debug|iPhoneSimulator.ActiveCfg = Debug|Any CPU
		{94EEC54C-9018-43A7-AA23-4E51D7F53FF9}.Debug|iPhoneSimulator.Build.0 = Debug|Any CPU
		{94EEC54C-9018-43A7-AA23-4E51D7F53FF9}.Release|Any CPU.ActiveCfg = Release|Any CPU
		{94EEC54C-9018-43A7-AA23-4E51D7F53FF9}.Release|Any CPU.Build.0 = Release|Any CPU
		{94EEC54C-9018-43A7-AA23-4E51D7F53FF9}.Release|iPhone.ActiveCfg = Release|Any CPU
		{94EEC54C-9018-43A7-AA23-4E51D7F53FF9}.Release|iPhone.Build.0 = Release|Any CPU
		{94EEC54C-9018-43A7-AA23-4E51D7F53FF9}.Release|iPhoneSimulator.ActiveCfg = Release|Any CPU
		{94EEC54C-9018-43A7-AA23-4E51D7F53FF9}.Release|iPhoneSimulator.Build.0 = Release|Any CPU
		{046F06BF-365F-4880-8A1D-CB824C6867C0}.Debug|Any CPU.ActiveCfg = Debug|Any CPU
		{046F06BF-365F-4880-8A1D-CB824C6867C0}.Debug|Any CPU.Build.0 = Debug|Any CPU
		{046F06BF-365F-4880-8A1D-CB824C6867C0}.Debug|iPhone.ActiveCfg = Debug|Any CPU
		{046F06BF-365F-4880-8A1D-CB824C6867C0}.Debug|iPhone.Build.0 = Debug|Any CPU
		{046F06BF-365F-4880-8A1D-CB824C6867C0}.Debug|iPhoneSimulator.ActiveCfg = Debug|Any CPU
		{046F06BF-365F-4880-8A1D-CB824C6867C0}.Debug|iPhoneSimulator.Build.0 = Debug|Any CPU
		{046F06BF-365F-4880-8A1D-CB824C6867C0}.Release|Any CPU.ActiveCfg = Release|Any CPU
		{046F06BF-365F-4880-8A1D-CB824C6867C0}.Release|Any CPU.Build.0 = Release|Any CPU
		{046F06BF-365F-4880-8A1D-CB824C6867C0}.Release|iPhone.ActiveCfg = Release|Any CPU
		{046F06BF-365F-4880-8A1D-CB824C6867C0}.Release|iPhone.Build.0 = Release|Any CPU
		{046F06BF-365F-4880-8A1D-CB824C6867C0}.Release|iPhoneSimulator.ActiveCfg = Release|Any CPU
		{046F06BF-365F-4880-8A1D-CB824C6867C0}.Release|iPhoneSimulator.Build.0 = Release|Any CPU
	EndGlobalSection
	GlobalSection(SolutionProperties) = preSolution
		HideSolutionNode = FALSE
	EndGlobalSection
	GlobalSection(ExtensibilityGlobals) = postSolution
		SolutionGuid = {38334EF1-3D14-432D-84AA-A43FA590B7FF}
	EndGlobalSection
EndGlobal
