
Microsoft Visual Studio Solution File, Format Version 12.00
# Visual Studio Version 16
VisualStudioVersion = 16.0.808.0
MinimumVisualStudioVersion = 10.0.40219.1
Project("{FAE04EC0-301F-11D3-BF4B-00C04F79EFBC}") = "AppMessaging", "AppMessaging\AppMessaging.csproj", "{4B7CA2BE-16DA-490C-8BCB-A250DE7FDB71}"
EndProject
Project("{FAE04EC0-301F-11D3-BF4B-00C04F79EFBC}") = "AgconnectCore", "..\..\..\..\Common\source\AgconnectCore\AgconnectCore.csproj", "{04C050FB-BA14-411B-957D-C21CDD757CC8}"
EndProject
Global
	GlobalSection(SolutionConfigurationPlatforms) = preSolution
		Debug|Any CPU = Debug|Any CPU
		Release|Any CPU = Release|Any CPU
		Debug|iPhoneSimulator = Debug|iPhoneSimulator
		Debug|iPhone = Debug|iPhone
		Release|iPhoneSimulator = Release|iPhoneSimulator
		Release|iPhone = Release|iPhone
	EndGlobalSection
	GlobalSection(ProjectConfigurationPlatforms) = postSolution
		{4B7CA2BE-16DA-490C-8BCB-A250DE7FDB71}.Debug|Any CPU.ActiveCfg = Debug|Any CPU
		{4B7CA2BE-16DA-490C-8BCB-A250DE7FDB71}.Debug|Any CPU.Build.0 = Debug|Any CPU
		{4B7CA2BE-16DA-490C-8BCB-A250DE7FDB71}.Release|Any CPU.ActiveCfg = Release|Any CPU
		{4B7CA2BE-16DA-490C-8BCB-A250DE7FDB71}.Release|Any CPU.Build.0 = Release|Any CPU
		{4B7CA2BE-16DA-490C-8BCB-A250DE7FDB71}.Debug|iPhoneSimulator.ActiveCfg = Debug|Any CPU
		{4B7CA2BE-16DA-490C-8BCB-A250DE7FDB71}.Debug|iPhoneSimulator.Build.0 = Debug|Any CPU
		{4B7CA2BE-16DA-490C-8BCB-A250DE7FDB71}.Debug|iPhone.ActiveCfg = Debug|Any CPU
		{4B7CA2BE-16DA-490C-8BCB-A250DE7FDB71}.Debug|iPhone.Build.0 = Debug|Any CPU
		{4B7CA2BE-16DA-490C-8BCB-A250DE7FDB71}.Release|iPhoneSimulator.ActiveCfg = Release|Any CPU
		{4B7CA2BE-16DA-490C-8BCB-A250DE7FDB71}.Release|iPhoneSimulator.Build.0 = Release|Any CPU
		{4B7CA2BE-16DA-490C-8BCB-A250DE7FDB71}.Release|iPhone.ActiveCfg = Release|Any CPU
		{4B7CA2BE-16DA-490C-8BCB-A250DE7FDB71}.Release|iPhone.Build.0 = Release|Any CPU
		{A9CF3F52-0F76-4263-82EA-15C58DFB5946}.Debug|Any CPU.ActiveCfg = Debug|Any CPU
		{A9CF3F52-0F76-4263-82EA-15C58DFB5946}.Debug|Any CPU.Build.0 = Debug|Any CPU
		{A9CF3F52-0F76-4263-82EA-15C58DFB5946}.Release|Any CPU.ActiveCfg = Release|Any CPU
		{A9CF3F52-0F76-4263-82EA-15C58DFB5946}.Release|Any CPU.Build.0 = Release|Any CPU
		{A9CF3F52-0F76-4263-82EA-15C58DFB5946}.Debug|iPhoneSimulator.ActiveCfg = Debug|iPhoneSimulator
		{A9CF3F52-0F76-4263-82EA-15C58DFB5946}.Debug|iPhoneSimulator.Build.0 = Debug|iPhoneSimulator
		{A9CF3F52-0F76-4263-82EA-15C58DFB5946}.Debug|iPhone.ActiveCfg = Debug|iPhone
		{A9CF3F52-0F76-4263-82EA-15C58DFB5946}.Debug|iPhone.Build.0 = Debug|iPhone
		{A9CF3F52-0F76-4263-82EA-15C58DFB5946}.Release|iPhoneSimulator.ActiveCfg = Release|iPhoneSimulator
		{A9CF3F52-0F76-4263-82EA-15C58DFB5946}.Release|iPhoneSimulator.Build.0 = Release|iPhoneSimulator
		{A9CF3F52-0F76-4263-82EA-15C58DFB5946}.Release|iPhone.ActiveCfg = Release|iPhone
		{A9CF3F52-0F76-4263-82EA-15C58DFB5946}.Release|iPhone.Build.0 = Release|iPhone
		{73F61056-E5AA-45DC-9AF3-60D7B8F47B71}.Debug|Any CPU.ActiveCfg = Debug|Any CPU
		{73F61056-E5AA-45DC-9AF3-60D7B8F47B71}.Debug|Any CPU.Build.0 = Debug|Any CPU
		{73F61056-E5AA-45DC-9AF3-60D7B8F47B71}.Release|Any CPU.ActiveCfg = Release|Any CPU
		{73F61056-E5AA-45DC-9AF3-60D7B8F47B71}.Release|Any CPU.Build.0 = Release|Any CPU
		{73F61056-E5AA-45DC-9AF3-60D7B8F47B71}.Debug|iPhoneSimulator.ActiveCfg = Debug|Any CPU
		{73F61056-E5AA-45DC-9AF3-60D7B8F47B71}.Debug|iPhoneSimulator.Build.0 = Debug|Any CPU
		{73F61056-E5AA-45DC-9AF3-60D7B8F47B71}.Debug|iPhone.ActiveCfg = Debug|Any CPU
		{73F61056-E5AA-45DC-9AF3-60D7B8F47B71}.Debug|iPhone.Build.0 = Debug|Any CPU
		{73F61056-E5AA-45DC-9AF3-60D7B8F47B71}.Release|iPhoneSimulator.ActiveCfg = Release|Any CPU
		{73F61056-E5AA-45DC-9AF3-60D7B8F47B71}.Release|iPhoneSimulator.Build.0 = Release|Any CPU
		{73F61056-E5AA-45DC-9AF3-60D7B8F47B71}.Release|iPhone.ActiveCfg = Release|Any CPU
		{73F61056-E5AA-45DC-9AF3-60D7B8F47B71}.Release|iPhone.Build.0 = Release|Any CPU
		{04C050FB-BA14-411B-957D-C21CDD757CC8}.Debug|Any CPU.ActiveCfg = Debug|Any CPU
		{04C050FB-BA14-411B-957D-C21CDD757CC8}.Debug|Any CPU.Build.0 = Debug|Any CPU
		{04C050FB-BA14-411B-957D-C21CDD757CC8}.Release|Any CPU.ActiveCfg = Release|Any CPU
		{04C050FB-BA14-411B-957D-C21CDD757CC8}.Release|Any CPU.Build.0 = Release|Any CPU
		{04C050FB-BA14-411B-957D-C21CDD757CC8}.Debug|iPhoneSimulator.ActiveCfg = Debug|Any CPU
		{04C050FB-BA14-411B-957D-C21CDD757CC8}.Debug|iPhoneSimulator.Build.0 = Debug|Any CPU
		{04C050FB-BA14-411B-957D-C21CDD757CC8}.Debug|iPhone.ActiveCfg = Debug|Any CPU
		{04C050FB-BA14-411B-957D-C21CDD757CC8}.Debug|iPhone.Build.0 = Debug|Any CPU
		{04C050FB-BA14-411B-957D-C21CDD757CC8}.Release|iPhoneSimulator.ActiveCfg = Release|Any CPU
		{04C050FB-BA14-411B-957D-C21CDD757CC8}.Release|iPhoneSimulator.Build.0 = Release|Any CPU
		{04C050FB-BA14-411B-957D-C21CDD757CC8}.Release|iPhone.ActiveCfg = Release|Any CPU
		{04C050FB-BA14-411B-957D-C21CDD757CC8}.Release|iPhone.Build.0 = Release|Any CPU
	EndGlobalSection
	GlobalSection(SolutionProperties) = preSolution
		HideSolutionNode = FALSE
	EndGlobalSection
	GlobalSection(ExtensibilityGlobals) = postSolution
		SolutionGuid = {6A67E7D9-FF1B-4F3D-AAA0-0C4973B72CFF}
	EndGlobalSection
EndGlobal
