Microsoft Visual Studio Solution File, Format Version 12.00
# Visual Studio Version 16
VisualStudioVersion = 16.0.31005.135
MinimumVisualStudioVersion = 10.0.40219.1
Project("{FAE04EC0-301F-11D3-BF4B-00C04F79EFBC}") = "agconnect-apms", "agconnect-apms\agconnect-apms.csproj", "{CDDD09DC-37EB-45FF-90D4-FD490357EBEA}"
EndProject
Global
	GlobalSection(SolutionConfigurationPlatforms) = preSolution
		Debug|Any CPU = Debug|Any CPU
		Release|Any CPU = Release|Any CPU
	EndGlobalSection
	GlobalSection(ProjectConfigurationPlatforms) = postSolution
		{A0E790E4-8CF8-48C5-B491-815AB3F7C068}.Debug|Any CPU.ActiveCfg = Debug|Any CPU
		{A0E790E4-8CF8-48C5-B491-815AB3F7C068}.Debug|Any CPU.Build.0 = Debug|Any CPU
		{A0E790E4-8CF8-48C5-B491-815AB3F7C068}.Release|Any CPU.ActiveCfg = Release|Any CPU
		{A0E790E4-8CF8-48C5-B491-815AB3F7C068}.Release|Any CPU.Build.0 = Release|Any CPU
		{CDDD09DC-37EB-45FF-90D4-FD490357EBEA}.Debug|Any CPU.ActiveCfg = Debug|Any CPU
		{CDDD09DC-37EB-45FF-90D4-FD490357EBEA}.Debug|Any CPU.Build.0 = Debug|Any CPU
		{CDDD09DC-37EB-45FF-90D4-FD490357EBEA}.Release|Any CPU.ActiveCfg = Release|Any CPU
		{CDDD09DC-37EB-45FF-90D4-FD490357EBEA}.Release|Any CPU.Build.0 = Release|Any CPU
	EndGlobalSection
	GlobalSection(SolutionProperties) = preSolution
		HideSolutionNode = FALSE
	EndGlobalSection
	GlobalSection(ExtensibilityGlobals) = postSolution
		SolutionGuid = {C143CAA8-66E5-4F11-9CF2-E375E9808452}
	EndGlobalSection
EndGlobal
