
Microsoft Visual Studio Solution File, Format Version 12.00
# Visual Studio Version 16
VisualStudioVersion = 16.0.808.7
MinimumVisualStudioVersion = 10.0.40219.1
Project("{FAE04EC0-301F-11D3-BF4B-00C04F79EFBC}") = "agconnect-credential", "agconnect-credential.csproj", "{FE477D31-045F-4F85-92E7-184E7563B1A5}"
EndProject
Global
	GlobalSection(SolutionConfigurationPlatforms) = preSolution
		Debug|Any CPU = Debug|Any CPU
		Release|Any CPU = Release|Any CPU
	EndGlobalSection
	GlobalSection(ProjectConfigurationPlatforms) = postSolution
		{FE477D31-045F-4F85-92E7-184E7563B1A5}.Debug|Any CPU.ActiveCfg = Debug|Any CPU
		{FE477D31-045F-4F85-92E7-184E7563B1A5}.Debug|Any CPU.Build.0 = Debug|Any CPU
		{FE477D31-045F-4F85-92E7-184E7563B1A5}.Release|Any CPU.ActiveCfg = Release|Any CPU
		{FE477D31-045F-4F85-92E7-184E7563B1A5}.Release|Any CPU.Build.0 = Release|Any CPU
	EndGlobalSection
	GlobalSection(SolutionProperties) = preSolution
		HideSolutionNode = FALSE
	EndGlobalSection
	GlobalSection(ExtensibilityGlobals) = postSolution
		SolutionGuid = {2998207C-A5D9-4FEC-B3D0-BEF321DFACC6}
	EndGlobalSection
EndGlobal
