
Microsoft Visual Studio Solution File, Format Version 12.00
# Visual Studio Version 16
VisualStudioVersion = 16.0.31005.135
MinimumVisualStudioVersion = 10.0.40219.1
Project("{FAE04EC0-301F-11D3-BF4B-00C04F79EFBC}") = "agconnect-auth", "agconnect-auth\agconnect-auth.csproj", "{0845CC91-E753-4CC4-9728-C1A3BE93B0AF}"
EndProject
Global
	GlobalSection(SolutionConfigurationPlatforms) = preSolution
		Debug|Any CPU = Debug|Any CPU
		Release|Any CPU = Release|Any CPU
	EndGlobalSection
	GlobalSection(ProjectConfigurationPlatforms) = postSolution
		{2193832C-CDB2-4381-A631-0F5957DE36E6}.Debug|Any CPU.ActiveCfg = Debug|Any CPU
		{2193832C-CDB2-4381-A631-0F5957DE36E6}.Debug|Any CPU.Build.0 = Debug|Any CPU
		{2193832C-CDB2-4381-A631-0F5957DE36E6}.Release|Any CPU.ActiveCfg = Release|Any CPU
		{2193832C-CDB2-4381-A631-0F5957DE36E6}.Release|Any CPU.Build.0 = Release|Any CPU
		{D16572CD-E29A-4923-9600-0D24F1C2AAD1}.Debug|Any CPU.ActiveCfg = Debug|Any CPU
		{D16572CD-E29A-4923-9600-0D24F1C2AAD1}.Debug|Any CPU.Build.0 = Debug|Any CPU
		{D16572CD-E29A-4923-9600-0D24F1C2AAD1}.Release|Any CPU.ActiveCfg = Release|Any CPU
		{D16572CD-E29A-4923-9600-0D24F1C2AAD1}.Release|Any CPU.Build.0 = Release|Any CPU
		{465E27B6-E159-4F80-9716-14CAF3EDD194}.Debug|Any CPU.ActiveCfg = Debug|Any CPU
		{465E27B6-E159-4F80-9716-14CAF3EDD194}.Debug|Any CPU.Build.0 = Debug|Any CPU
		{465E27B6-E159-4F80-9716-14CAF3EDD194}.Release|Any CPU.ActiveCfg = Release|Any CPU
		{465E27B6-E159-4F80-9716-14CAF3EDD194}.Release|Any CPU.Build.0 = Release|Any CPU
		{695B2F17-9154-47EE-8A74-2797E09E1659}.Debug|Any CPU.ActiveCfg = Debug|Any CPU
		{695B2F17-9154-47EE-8A74-2797E09E1659}.Debug|Any CPU.Build.0 = Debug|Any CPU
		{695B2F17-9154-47EE-8A74-2797E09E1659}.Release|Any CPU.ActiveCfg = Release|Any CPU
		{695B2F17-9154-47EE-8A74-2797E09E1659}.Release|Any CPU.Build.0 = Release|Any CPU
		{04FE3B8C-5D73-46D3-9C6B-A70FA9574612}.Debug|Any CPU.ActiveCfg = Debug|Any CPU
		{04FE3B8C-5D73-46D3-9C6B-A70FA9574612}.Debug|Any CPU.Build.0 = Debug|Any CPU
		{04FE3B8C-5D73-46D3-9C6B-A70FA9574612}.Release|Any CPU.ActiveCfg = Release|Any CPU
		{04FE3B8C-5D73-46D3-9C6B-A70FA9574612}.Release|Any CPU.Build.0 = Release|Any CPU
		{B0D1AFA0-34A1-4194-A733-754042FDC4BC}.Debug|Any CPU.ActiveCfg = Debug|Any CPU
		{B0D1AFA0-34A1-4194-A733-754042FDC4BC}.Debug|Any CPU.Build.0 = Debug|Any CPU
		{B0D1AFA0-34A1-4194-A733-754042FDC4BC}.Release|Any CPU.ActiveCfg = Release|Any CPU
		{B0D1AFA0-34A1-4194-A733-754042FDC4BC}.Release|Any CPU.Build.0 = Release|Any CPU
		{0845CC91-E753-4CC4-9728-C1A3BE93B0AF}.Debug|Any CPU.ActiveCfg = Debug|Any CPU
		{0845CC91-E753-4CC4-9728-C1A3BE93B0AF}.Debug|Any CPU.Build.0 = Debug|Any CPU
		{0845CC91-E753-4CC4-9728-C1A3BE93B0AF}.Release|Any CPU.ActiveCfg = Release|Any CPU
		{0845CC91-E753-4CC4-9728-C1A3BE93B0AF}.Release|Any CPU.Build.0 = Release|Any CPU
	EndGlobalSection
	GlobalSection(SolutionProperties) = preSolution
		HideSolutionNode = FALSE
	EndGlobalSection
	GlobalSection(ExtensibilityGlobals) = postSolution
		SolutionGuid = {C204E074-673D-478A-B580-916BB9BB56AA}
	EndGlobalSection
EndGlobal
